
Microsoft Visual Studio Solution File, Format Version 12.00
# Visual Studio Version 16
VisualStudioVersion = 16.0.31729.503
MinimumVisualStudioVersion = 10.0.40219.1
Project("{FAE04EC0-301F-11D3-BF4B-00C04F79EFBC}") = "myProject", "myProject\myProject.csproj", "{1ADF8AB8-C8EB-464A-B927-8160923E2204}"
EndProject
Global
	GlobalSection(SolutionConfigurationPlatforms) = preSolution
		Debug|Any CPU = Debug|Any CPU
		Release|Any CPU = Release|Any CPU
	EndGlobalSection
	GlobalSection(ProjectConfigurationPlatforms) = postSolution
		{1ADF8AB8-C8EB-464A-B927-8160923E2204}.Debug|Any CPU.ActiveCfg = Debug|Any CPU
		{1ADF8AB8-C8EB-464A-B927-8160923E2204}.Debug|Any CPU.Build.0 = Debug|Any CPU
		{1ADF8AB8-C8EB-464A-B927-8160923E2204}.Release|Any CPU.ActiveCfg = Release|Any CPU
		{1ADF8AB8-C8EB-464A-B927-8160923E2204}.Release|Any CPU.Build.0 = Release|Any CPU
	EndGlobalSection
	GlobalSection(SolutionProperties) = preSolution
		HideSolutionNode = FALSE
	EndGlobalSection
	GlobalSection(ExtensibilityGlobals) = postSolution
		SolutionGuid = {A54B3E63-84A1-4784-880A-B692A0A9D2F3}
	EndGlobalSection
EndGlobal
